
Microsoft Visual Studio Solution File, Format Version 12.00
# Visual Studio Version 16
VisualStudioVersion = 16.0.29020.237
MinimumVisualStudioVersion = 10.0.40219.1
Project("{FAE04EC0-301F-11D3-BF4B-00C04F79EFBC}") = "NavigationView", "NavigationView\NavigationView.csproj", "{31C72B4E-4113-4C0F-B03A-87C090BE2A54}"
EndProject
Global
	GlobalSection(SolutionConfigurationPlatforms) = preSolution
		Debug|ARM = Debug|ARM
		Debug|ARM64 = Debug|ARM64
		Debug|x64 = Debug|x64
		Debug|x86 = Debug|x86
		Release|ARM = Release|ARM
		Release|ARM64 = Release|ARM64
		Release|x64 = Release|x64
		Release|x86 = Release|x86
	EndGlobalSection
	GlobalSection(ProjectConfigurationPlatforms) = postSolution
		{31C72B4E-4113-4C0F-B03A-87C090BE2A54}.Debug|ARM.ActiveCfg = Debug|ARM
		{31C72B4E-4113-4C0F-B03A-87C090BE2A54}.Debug|ARM.Build.0 = Debug|ARM
		{31C72B4E-4113-4C0F-B03A-87C090BE2A54}.Debug|ARM.Deploy.0 = Debug|ARM
		{31C72B4E-4113-4C0F-B03A-87C090BE2A54}.Debug|ARM64.ActiveCfg = Debug|ARM64
		{31C72B4E-4113-4C0F-B03A-87C090BE2A54}.Debug|ARM64.Build.0 = Debug|ARM64
		{31C72B4E-4113-4C0F-B03A-87C090BE2A54}.Debug|ARM64.Deploy.0 = Debug|ARM64
		{31C72B4E-4113-4C0F-B03A-87C090BE2A54}.Debug|x64.ActiveCfg = Debug|x64
		{31C72B4E-4113-4C0F-B03A-87C090BE2A54}.Debug|x64.Build.0 = Debug|x64
		{31C72B4E-4113-4C0F-B03A-87C090BE2A54}.Debug|x64.Deploy.0 = Debug|x64
		{31C72B4E-4113-4C0F-B03A-87C090BE2A54}.Debug|x86.ActiveCfg = Debug|x86
		{31C72B4E-4113-4C0F-B03A-87C090BE2A54}.Debug|x86.Build.0 = Debug|x86
		{31C72B4E-4113-4C0F-B03A-87C090BE2A54}.Debug|x86.Deploy.0 = Debug|x86
		{31C72B4E-4113-4C0F-B03A-87C090BE2A54}.Release|ARM.ActiveCfg = Release|ARM
		{31C72B4E-4113-4C0F-B03A-87C090BE2A54}.Release|ARM.Build.0 = Release|ARM
		{31C72B4E-4113-4C0F-B03A-87C090BE2A54}.Release|ARM.Deploy.0 = Release|ARM
		{31C72B4E-4113-4C0F-B03A-87C090BE2A54}.Release|ARM64.ActiveCfg = Release|ARM64
		{31C72B4E-4113-4C0F-B03A-87C090BE2A54}.Release|ARM64.Build.0 = Release|ARM64
		{31C72B4E-4113-4C0F-B03A-87C090BE2A54}.Release|ARM64.Deploy.0 = Release|ARM64
		{31C72B4E-4113-4C0F-B03A-87C090BE2A54}.Release|x64.ActiveCfg = Release|x64
		{31C72B4E-4113-4C0F-B03A-87C090BE2A54}.Release|x64.Build.0 = Release|x64
		{31C72B4E-4113-4C0F-B03A-87C090BE2A54}.Release|x64.Deploy.0 = Release|x64
		{31C72B4E-4113-4C0F-B03A-87C090BE2A54}.Release|x86.ActiveCfg = Release|x86
		{31C72B4E-4113-4C0F-B03A-87C090BE2A54}.Release|x86.Build.0 = Release|x86
		{31C72B4E-4113-4C0F-B03A-87C090BE2A54}.Release|x86.Deploy.0 = Release|x86
	EndGlobalSection
	GlobalSection(SolutionProperties) = preSolution
		HideSolutionNode = FALSE
	EndGlobalSection
	GlobalSection(ExtensibilityGlobals) = postSolution
		SolutionGuid = {F9C5B2FC-2EA9-4C74-BA84-8BDAADE91941}
	EndGlobalSection
EndGlobal
