
Microsoft Visual Studio Solution File, Format Version 12.00
# Visual Studio Version 16
VisualStudioVersion = 16.0.29709.97
MinimumVisualStudioVersion = 10.0.40219.1
Project("{FAE04EC0-301F-11D3-BF4B-00C04F79EFBC}") = "SpotifyForDevelopers", "SpotifyForDevelopers\SpotifyForDevelopers.csproj", "{C202F64B-96FA-48DF-BFE5-94F373BA683B}"
EndProject
Global
	GlobalSection(SolutionConfigurationPlatforms) = preSolution
		Debug|Any CPU = Debug|Any CPU
		Release|Any CPU = Release|Any CPU
	EndGlobalSection
	GlobalSection(ProjectConfigurationPlatforms) = postSolution
		{C202F64B-96FA-48DF-BFE5-94F373BA683B}.Debug|Any CPU.ActiveCfg = Debug|Any CPU
		{C202F64B-96FA-48DF-BFE5-94F373BA683B}.Debug|Any CPU.Build.0 = Debug|Any CPU
		{C202F64B-96FA-48DF-BFE5-94F373BA683B}.Release|Any CPU.ActiveCfg = Release|Any CPU
		{C202F64B-96FA-48DF-BFE5-94F373BA683B}.Release|Any CPU.Build.0 = Release|Any CPU
	EndGlobalSection
	GlobalSection(SolutionProperties) = preSolution
		HideSolutionNode = FALSE
	EndGlobalSection
	GlobalSection(ExtensibilityGlobals) = postSolution
		SolutionGuid = {EBC800ED-888B-48C9-B9BA-7A7A7EEF58D8}
	EndGlobalSection
EndGlobal
