
Microsoft Visual Studio Solution File, Format Version 12.00
# Visual Studio Version 16
VisualStudioVersion = 16.0.29102.190
MinimumVisualStudioVersion = 10.0.40219.1
Project("{FAE04EC0-301F-11D3-BF4B-00C04F79EFBC}") = "SoundGame", "SoundGame\SoundGame.csproj", "{317A5D35-DA18-480B-B577-CAF05BD5AA5B}"
EndProject
Global
	GlobalSection(SolutionConfigurationPlatforms) = preSolution
		Debug|ARM = Debug|ARM
		Debug|ARM64 = Debug|ARM64
		Debug|x64 = Debug|x64
		Debug|x86 = Debug|x86
		Release|ARM = Release|ARM
		Release|ARM64 = Release|ARM64
		Release|x64 = Release|x64
		Release|x86 = Release|x86
	EndGlobalSection
	GlobalSection(ProjectConfigurationPlatforms) = postSolution
		{317A5D35-DA18-480B-B577-CAF05BD5AA5B}.Debug|ARM.ActiveCfg = Debug|ARM
		{317A5D35-DA18-480B-B577-CAF05BD5AA5B}.Debug|ARM.Build.0 = Debug|ARM
		{317A5D35-DA18-480B-B577-CAF05BD5AA5B}.Debug|ARM.Deploy.0 = Debug|ARM
		{317A5D35-DA18-480B-B577-CAF05BD5AA5B}.Debug|ARM64.ActiveCfg = Debug|ARM64
		{317A5D35-DA18-480B-B577-CAF05BD5AA5B}.Debug|ARM64.Build.0 = Debug|ARM64
		{317A5D35-DA18-480B-B577-CAF05BD5AA5B}.Debug|ARM64.Deploy.0 = Debug|ARM64
		{317A5D35-DA18-480B-B577-CAF05BD5AA5B}.Debug|x64.ActiveCfg = Debug|x64
		{317A5D35-DA18-480B-B577-CAF05BD5AA5B}.Debug|x64.Build.0 = Debug|x64
		{317A5D35-DA18-480B-B577-CAF05BD5AA5B}.Debug|x64.Deploy.0 = Debug|x64
		{317A5D35-DA18-480B-B577-CAF05BD5AA5B}.Debug|x86.ActiveCfg = Debug|x86
		{317A5D35-DA18-480B-B577-CAF05BD5AA5B}.Debug|x86.Build.0 = Debug|x86
		{317A5D35-DA18-480B-B577-CAF05BD5AA5B}.Debug|x86.Deploy.0 = Debug|x86
		{317A5D35-DA18-480B-B577-CAF05BD5AA5B}.Release|ARM.ActiveCfg = Release|ARM
		{317A5D35-DA18-480B-B577-CAF05BD5AA5B}.Release|ARM.Build.0 = Release|ARM
		{317A5D35-DA18-480B-B577-CAF05BD5AA5B}.Release|ARM.Deploy.0 = Release|ARM
		{317A5D35-DA18-480B-B577-CAF05BD5AA5B}.Release|ARM64.ActiveCfg = Release|ARM64
		{317A5D35-DA18-480B-B577-CAF05BD5AA5B}.Release|ARM64.Build.0 = Release|ARM64
		{317A5D35-DA18-480B-B577-CAF05BD5AA5B}.Release|ARM64.Deploy.0 = Release|ARM64
		{317A5D35-DA18-480B-B577-CAF05BD5AA5B}.Release|x64.ActiveCfg = Release|x64
		{317A5D35-DA18-480B-B577-CAF05BD5AA5B}.Release|x64.Build.0 = Release|x64
		{317A5D35-DA18-480B-B577-CAF05BD5AA5B}.Release|x64.Deploy.0 = Release|x64
		{317A5D35-DA18-480B-B577-CAF05BD5AA5B}.Release|x86.ActiveCfg = Release|x86
		{317A5D35-DA18-480B-B577-CAF05BD5AA5B}.Release|x86.Build.0 = Release|x86
		{317A5D35-DA18-480B-B577-CAF05BD5AA5B}.Release|x86.Deploy.0 = Release|x86
	EndGlobalSection
	GlobalSection(SolutionProperties) = preSolution
		HideSolutionNode = FALSE
	EndGlobalSection
	GlobalSection(ExtensibilityGlobals) = postSolution
		SolutionGuid = {ED0C0835-B3FC-468B-B7B2-FD53211D2C20}
	EndGlobalSection
EndGlobal
