
Microsoft Visual Studio Solution File, Format Version 12.00
# Visual Studio Version 16
VisualStudioVersion = 16.0.31112.23
MinimumVisualStudioVersion = 10.0.40219.1
Project("{D954291E-2A0B-460D-934E-DC6B0785DB48}") = "TutorialrTalksSeriesOne.Shared", "TutorialrTalksSeriesOne\TutorialrTalksSeriesOne.Shared\TutorialrTalksSeriesOne.Shared.shproj", "{6279C845-92F8-4333-AB99-3D213163593C}"
EndProject
Project("{2150E333-8FDC-42A3-9474-1A3956D46DE8}") = "Platforms", "Platforms", "{4170E57D-5BD4-48BB-9A78-47CAE55FE01D}"
EndProject
Project("{FAE04EC0-301F-11D3-BF4B-00C04F79EFBC}") = "TutorialrTalksSeriesOne.Droid", "TutorialrTalksSeriesOne\TutorialrTalksSeriesOne.Droid\TutorialrTalksSeriesOne.Droid.csproj", "{19EDECDD-CF6D-438F-99F6-C5BBB8DA5ADA}"
EndProject
Project("{FAE04EC0-301F-11D3-BF4B-00C04F79EFBC}") = "TutorialrTalksSeriesOne.iOS", "TutorialrTalksSeriesOne\TutorialrTalksSeriesOne.iOS\TutorialrTalksSeriesOne.iOS.csproj", "{6C88AFC9-467E-46A0-9B14-46101C9BCD60}"
EndProject
Project("{FAE04EC0-301F-11D3-BF4B-00C04F79EFBC}") = "TutorialrTalksSeriesOne.UWP", "TutorialrTalksSeriesOne\TutorialrTalksSeriesOne.UWP\TutorialrTalksSeriesOne.UWP.csproj", "{3238BCB3-1E7D-47F4-8588-249BCD1734A6}"
EndProject
Project("{FAE04EC0-301F-11D3-BF4B-00C04F79EFBC}") = "TutorialrTalksSeriesOne.Wasm", "TutorialrTalksSeriesOne\TutorialrTalksSeriesOne.Wasm\TutorialrTalksSeriesOne.Wasm.csproj", "{0F5A6BFB-3815-4663-853A-D6B288B508EC}"
EndProject
Project("{FAE04EC0-301F-11D3-BF4B-00C04F79EFBC}") = "TutorialrTalksSeriesOne.macOS", "TutorialrTalksSeriesOne\TutorialrTalksSeriesOne.macOS\TutorialrTalksSeriesOne.macOS.csproj", "{412A5129-7A47-47D1-A3EE-D2C59AD70AA4}"
EndProject
Project("{FAE04EC0-301F-11D3-BF4B-00C04F79EFBC}") = "TutorialrTalksSeriesOne.Skia.Wpf.Host", "TutorialrTalksSeriesOne\TutorialrTalksSeriesOne.Skia.Wpf.Host\TutorialrTalksSeriesOne.Skia.Wpf.Host.csproj", "{62D135C6-9B20-4EC9-86AE-70BFF79E12C0}"
EndProject
Project("{FAE04EC0-301F-11D3-BF4B-00C04F79EFBC}") = "TutorialrTalksSeriesOne.Skia.Wpf", "TutorialrTalksSeriesOne\TutorialrTalksSeriesOne.Skia.Wpf\TutorialrTalksSeriesOne.Skia.Wpf.csproj", "{19C17675-C92C-4FF7-8898-A71FA6188CCF}"
EndProject
Project("{FAE04EC0-301F-11D3-BF4B-00C04F79EFBC}") = "TutorialrTalksSeriesOne.Skia.Gtk", "TutorialrTalksSeriesOne\TutorialrTalksSeriesOne.Skia.Gtk\TutorialrTalksSeriesOne.Skia.Gtk.csproj", "{08FF9440-8777-4FC5-B462-F5B1B18A1172}"
EndProject
Project("{FAE04EC0-301F-11D3-BF4B-00C04F79EFBC}") = "TutorialrTalksSeriesOne.Skia.Tizen", "TutorialrTalksSeriesOne\TutorialrTalksSeriesOne.Skia.Tizen\TutorialrTalksSeriesOne.Skia.Tizen.csproj", "{350AC239-2072-4BA3-8BF6-A81E58F4ABE5}"
EndProject
Global
	GlobalSection(SharedMSBuildProjectFiles) = preSolution
		TutorialrTalksSeriesOne\TutorialrTalksSeriesOne.Shared\TutorialrTalksSeriesOne.Shared.projitems*{08ff9440-8777-4fc5-b462-f5b1b18a1172}*SharedItemsImports = 5
		TutorialrTalksSeriesOne\TutorialrTalksSeriesOne.Shared\TutorialrTalksSeriesOne.Shared.projitems*{0f5a6bfb-3815-4663-853a-d6b288b508ec}*SharedItemsImports = 5
		TutorialrTalksSeriesOne\TutorialrTalksSeriesOne.Shared\TutorialrTalksSeriesOne.Shared.projitems*{19c17675-c92c-4ff7-8898-a71fa6188ccf}*SharedItemsImports = 5
		TutorialrTalksSeriesOne\TutorialrTalksSeriesOne.Shared\TutorialrTalksSeriesOne.Shared.projitems*{19edecdd-cf6d-438f-99f6-c5bbb8da5ada}*SharedItemsImports = 4
		TutorialrTalksSeriesOne\TutorialrTalksSeriesOne.Shared\TutorialrTalksSeriesOne.Shared.projitems*{3238bcb3-1e7d-47f4-8588-249bcd1734a6}*SharedItemsImports = 4
		TutorialrTalksSeriesOne\TutorialrTalksSeriesOne.Shared\TutorialrTalksSeriesOne.Shared.projitems*{350ac239-2072-4ba3-8bf6-a81e58f4abe5}*SharedItemsImports = 5
		TutorialrTalksSeriesOne\TutorialrTalksSeriesOne.Shared\TutorialrTalksSeriesOne.Shared.projitems*{412a5129-7a47-47d1-a3ee-d2c59ad70aa4}*SharedItemsImports = 4
		TutorialrTalksSeriesOne\TutorialrTalksSeriesOne.Shared\TutorialrTalksSeriesOne.Shared.projitems*{6279c845-92f8-4333-ab99-3d213163593c}*SharedItemsImports = 13
		TutorialrTalksSeriesOne\TutorialrTalksSeriesOne.Shared\TutorialrTalksSeriesOne.Shared.projitems*{6c88afc9-467e-46a0-9b14-46101c9bcd60}*SharedItemsImports = 4
	EndGlobalSection
	GlobalSection(SolutionConfigurationPlatforms) = preSolution
		Ad-Hoc|Any CPU = Ad-Hoc|Any CPU
		Ad-Hoc|ARM = Ad-Hoc|ARM
		Ad-Hoc|ARM64 = Ad-Hoc|ARM64
		Ad-Hoc|iPhone = Ad-Hoc|iPhone
		Ad-Hoc|iPhoneSimulator = Ad-Hoc|iPhoneSimulator
		Ad-Hoc|x64 = Ad-Hoc|x64
		Ad-Hoc|x86 = Ad-Hoc|x86
		AppStore|Any CPU = AppStore|Any CPU
		AppStore|ARM = AppStore|ARM
		AppStore|ARM64 = AppStore|ARM64
		AppStore|iPhone = AppStore|iPhone
		AppStore|iPhoneSimulator = AppStore|iPhoneSimulator
		AppStore|x64 = AppStore|x64
		AppStore|x86 = AppStore|x86
		Debug|Any CPU = Debug|Any CPU
		Debug|ARM = Debug|ARM
		Debug|ARM64 = Debug|ARM64
		Debug|iPhone = Debug|iPhone
		Debug|iPhoneSimulator = Debug|iPhoneSimulator
		Debug|x64 = Debug|x64
		Debug|x86 = Debug|x86
		Release|Any CPU = Release|Any CPU
		Release|ARM = Release|ARM
		Release|ARM64 = Release|ARM64
		Release|iPhone = Release|iPhone
		Release|iPhoneSimulator = Release|iPhoneSimulator
		Release|x64 = Release|x64
		Release|x86 = Release|x86
	EndGlobalSection
	GlobalSection(ProjectConfigurationPlatforms) = postSolution
		{19EDECDD-CF6D-438F-99F6-C5BBB8DA5ADA}.Ad-Hoc|Any CPU.ActiveCfg = Debug|Any CPU
		{19EDECDD-CF6D-438F-99F6-C5BBB8DA5ADA}.Ad-Hoc|Any CPU.Build.0 = Debug|Any CPU
		{19EDECDD-CF6D-438F-99F6-C5BBB8DA5ADA}.Ad-Hoc|Any CPU.Deploy.0 = Debug|Any CPU
		{19EDECDD-CF6D-438F-99F6-C5BBB8DA5ADA}.Ad-Hoc|ARM.ActiveCfg = Debug|Any CPU
		{19EDECDD-CF6D-438F-99F6-C5BBB8DA5ADA}.Ad-Hoc|ARM.Build.0 = Debug|Any CPU
		{19EDECDD-CF6D-438F-99F6-C5BBB8DA5ADA}.Ad-Hoc|ARM.Deploy.0 = Debug|Any CPU
		{19EDECDD-CF6D-438F-99F6-C5BBB8DA5ADA}.Ad-Hoc|ARM64.ActiveCfg = Debug|Any CPU
		{19EDECDD-CF6D-438F-99F6-C5BBB8DA5ADA}.Ad-Hoc|ARM64.Build.0 = Debug|Any CPU
		{19EDECDD-CF6D-438F-99F6-C5BBB8DA5ADA}.Ad-Hoc|ARM64.Deploy.0 = Debug|Any CPU
		{19EDECDD-CF6D-438F-99F6-C5BBB8DA5ADA}.Ad-Hoc|iPhone.ActiveCfg = Debug|Any CPU
		{19EDECDD-CF6D-438F-99F6-C5BBB8DA5ADA}.Ad-Hoc|iPhone.Build.0 = Debug|Any CPU
		{19EDECDD-CF6D-438F-99F6-C5BBB8DA5ADA}.Ad-Hoc|iPhone.Deploy.0 = Debug|Any CPU
		{19EDECDD-CF6D-438F-99F6-C5BBB8DA5ADA}.Ad-Hoc|iPhoneSimulator.ActiveCfg = Debug|Any CPU
		{19EDECDD-CF6D-438F-99F6-C5BBB8DA5ADA}.Ad-Hoc|iPhoneSimulator.Build.0 = Debug|Any CPU
		{19EDECDD-CF6D-438F-99F6-C5BBB8DA5ADA}.Ad-Hoc|iPhoneSimulator.Deploy.0 = Debug|Any CPU
		{19EDECDD-CF6D-438F-99F6-C5BBB8DA5ADA}.Ad-Hoc|x64.ActiveCfg = Debug|Any CPU
		{19EDECDD-CF6D-438F-99F6-C5BBB8DA5ADA}.Ad-Hoc|x64.Build.0 = Debug|Any CPU
		{19EDECDD-CF6D-438F-99F6-C5BBB8DA5ADA}.Ad-Hoc|x64.Deploy.0 = Debug|Any CPU
		{19EDECDD-CF6D-438F-99F6-C5BBB8DA5ADA}.Ad-Hoc|x86.ActiveCfg = Debug|Any CPU
		{19EDECDD-CF6D-438F-99F6-C5BBB8DA5ADA}.Ad-Hoc|x86.Build.0 = Debug|Any CPU
		{19EDECDD-CF6D-438F-99F6-C5BBB8DA5ADA}.Ad-Hoc|x86.Deploy.0 = Debug|Any CPU
		{19EDECDD-CF6D-438F-99F6-C5BBB8DA5ADA}.AppStore|Any CPU.ActiveCfg = Debug|Any CPU
		{19EDECDD-CF6D-438F-99F6-C5BBB8DA5ADA}.AppStore|Any CPU.Build.0 = Debug|Any CPU
		{19EDECDD-CF6D-438F-99F6-C5BBB8DA5ADA}.AppStore|Any CPU.Deploy.0 = Debug|Any CPU
		{19EDECDD-CF6D-438F-99F6-C5BBB8DA5ADA}.AppStore|ARM.ActiveCfg = Debug|Any CPU
		{19EDECDD-CF6D-438F-99F6-C5BBB8DA5ADA}.AppStore|ARM.Build.0 = Debug|Any CPU
		{19EDECDD-CF6D-438F-99F6-C5BBB8DA5ADA}.AppStore|ARM.Deploy.0 = Debug|Any CPU
		{19EDECDD-CF6D-438F-99F6-C5BBB8DA5ADA}.AppStore|ARM64.ActiveCfg = Debug|Any CPU
		{19EDECDD-CF6D-438F-99F6-C5BBB8DA5ADA}.AppStore|ARM64.Build.0 = Debug|Any CPU
		{19EDECDD-CF6D-438F-99F6-C5BBB8DA5ADA}.AppStore|ARM64.Deploy.0 = Debug|Any CPU
		{19EDECDD-CF6D-438F-99F6-C5BBB8DA5ADA}.AppStore|iPhone.ActiveCfg = Debug|Any CPU
		{19EDECDD-CF6D-438F-99F6-C5BBB8DA5ADA}.AppStore|iPhone.Build.0 = Debug|Any CPU
		{19EDECDD-CF6D-438F-99F6-C5BBB8DA5ADA}.AppStore|iPhone.Deploy.0 = Debug|Any CPU
		{19EDECDD-CF6D-438F-99F6-C5BBB8DA5ADA}.AppStore|iPhoneSimulator.ActiveCfg = Debug|Any CPU
		{19EDECDD-CF6D-438F-99F6-C5BBB8DA5ADA}.AppStore|iPhoneSimulator.Build.0 = Debug|Any CPU
		{19EDECDD-CF6D-438F-99F6-C5BBB8DA5ADA}.AppStore|iPhoneSimulator.Deploy.0 = Debug|Any CPU
		{19EDECDD-CF6D-438F-99F6-C5BBB8DA5ADA}.AppStore|x64.ActiveCfg = Debug|Any CPU
		{19EDECDD-CF6D-438F-99F6-C5BBB8DA5ADA}.AppStore|x64.Build.0 = Debug|Any CPU
		{19EDECDD-CF6D-438F-99F6-C5BBB8DA5ADA}.AppStore|x64.Deploy.0 = Debug|Any CPU
		{19EDECDD-CF6D-438F-99F6-C5BBB8DA5ADA}.AppStore|x86.ActiveCfg = Debug|Any CPU
		{19EDECDD-CF6D-438F-99F6-C5BBB8DA5ADA}.AppStore|x86.Build.0 = Debug|Any CPU
		{19EDECDD-CF6D-438F-99F6-C5BBB8DA5ADA}.AppStore|x86.Deploy.0 = Debug|Any CPU
		{19EDECDD-CF6D-438F-99F6-C5BBB8DA5ADA}.Debug|Any CPU.ActiveCfg = Debug|Any CPU
		{19EDECDD-CF6D-438F-99F6-C5BBB8DA5ADA}.Debug|Any CPU.Build.0 = Debug|Any CPU
		{19EDECDD-CF6D-438F-99F6-C5BBB8DA5ADA}.Debug|Any CPU.Deploy.0 = Debug|Any CPU
		{19EDECDD-CF6D-438F-99F6-C5BBB8DA5ADA}.Debug|ARM.ActiveCfg = Debug|Any CPU
		{19EDECDD-CF6D-438F-99F6-C5BBB8DA5ADA}.Debug|ARM.Build.0 = Debug|Any CPU
		{19EDECDD-CF6D-438F-99F6-C5BBB8DA5ADA}.Debug|ARM.Deploy.0 = Debug|Any CPU
		{19EDECDD-CF6D-438F-99F6-C5BBB8DA5ADA}.Debug|ARM64.ActiveCfg = Debug|Any CPU
		{19EDECDD-CF6D-438F-99F6-C5BBB8DA5ADA}.Debug|ARM64.Build.0 = Debug|Any CPU
		{19EDECDD-CF6D-438F-99F6-C5BBB8DA5ADA}.Debug|ARM64.Deploy.0 = Debug|Any CPU
		{19EDECDD-CF6D-438F-99F6-C5BBB8DA5ADA}.Debug|iPhone.ActiveCfg = Debug|Any CPU
		{19EDECDD-CF6D-438F-99F6-C5BBB8DA5ADA}.Debug|iPhone.Build.0 = Debug|Any CPU
		{19EDECDD-CF6D-438F-99F6-C5BBB8DA5ADA}.Debug|iPhone.Deploy.0 = Debug|Any CPU
		{19EDECDD-CF6D-438F-99F6-C5BBB8DA5ADA}.Debug|iPhoneSimulator.ActiveCfg = Debug|Any CPU
		{19EDECDD-CF6D-438F-99F6-C5BBB8DA5ADA}.Debug|iPhoneSimulator.Build.0 = Debug|Any CPU
		{19EDECDD-CF6D-438F-99F6-C5BBB8DA5ADA}.Debug|iPhoneSimulator.Deploy.0 = Debug|Any CPU
		{19EDECDD-CF6D-438F-99F6-C5BBB8DA5ADA}.Debug|x64.ActiveCfg = Debug|Any CPU
		{19EDECDD-CF6D-438F-99F6-C5BBB8DA5ADA}.Debug|x64.Build.0 = Debug|Any CPU
		{19EDECDD-CF6D-438F-99F6-C5BBB8DA5ADA}.Debug|x64.Deploy.0 = Debug|Any CPU
		{19EDECDD-CF6D-438F-99F6-C5BBB8DA5ADA}.Debug|x86.ActiveCfg = Debug|Any CPU
		{19EDECDD-CF6D-438F-99F6-C5BBB8DA5ADA}.Debug|x86.Build.0 = Debug|Any CPU
		{19EDECDD-CF6D-438F-99F6-C5BBB8DA5ADA}.Debug|x86.Deploy.0 = Debug|Any CPU
		{19EDECDD-CF6D-438F-99F6-C5BBB8DA5ADA}.Release|Any CPU.ActiveCfg = Release|Any CPU
		{19EDECDD-CF6D-438F-99F6-C5BBB8DA5ADA}.Release|Any CPU.Build.0 = Release|Any CPU
		{19EDECDD-CF6D-438F-99F6-C5BBB8DA5ADA}.Release|Any CPU.Deploy.0 = Release|Any CPU
		{19EDECDD-CF6D-438F-99F6-C5BBB8DA5ADA}.Release|ARM.ActiveCfg = Release|Any CPU
		{19EDECDD-CF6D-438F-99F6-C5BBB8DA5ADA}.Release|ARM.Build.0 = Release|Any CPU
		{19EDECDD-CF6D-438F-99F6-C5BBB8DA5ADA}.Release|ARM.Deploy.0 = Release|Any CPU
		{19EDECDD-CF6D-438F-99F6-C5BBB8DA5ADA}.Release|ARM64.ActiveCfg = Release|Any CPU
		{19EDECDD-CF6D-438F-99F6-C5BBB8DA5ADA}.Release|ARM64.Build.0 = Release|Any CPU
		{19EDECDD-CF6D-438F-99F6-C5BBB8DA5ADA}.Release|ARM64.Deploy.0 = Release|Any CPU
		{19EDECDD-CF6D-438F-99F6-C5BBB8DA5ADA}.Release|iPhone.ActiveCfg = Release|Any CPU
		{19EDECDD-CF6D-438F-99F6-C5BBB8DA5ADA}.Release|iPhone.Build.0 = Release|Any CPU
		{19EDECDD-CF6D-438F-99F6-C5BBB8DA5ADA}.Release|iPhone.Deploy.0 = Release|Any CPU
		{19EDECDD-CF6D-438F-99F6-C5BBB8DA5ADA}.Release|iPhoneSimulator.ActiveCfg = Release|Any CPU
		{19EDECDD-CF6D-438F-99F6-C5BBB8DA5ADA}.Release|iPhoneSimulator.Build.0 = Release|Any CPU
		{19EDECDD-CF6D-438F-99F6-C5BBB8DA5ADA}.Release|iPhoneSimulator.Deploy.0 = Release|Any CPU
		{19EDECDD-CF6D-438F-99F6-C5BBB8DA5ADA}.Release|x64.ActiveCfg = Release|Any CPU
		{19EDECDD-CF6D-438F-99F6-C5BBB8DA5ADA}.Release|x64.Build.0 = Release|Any CPU
		{19EDECDD-CF6D-438F-99F6-C5BBB8DA5ADA}.Release|x64.Deploy.0 = Release|Any CPU
		{19EDECDD-CF6D-438F-99F6-C5BBB8DA5ADA}.Release|x86.ActiveCfg = Release|Any CPU
		{19EDECDD-CF6D-438F-99F6-C5BBB8DA5ADA}.Release|x86.Build.0 = Release|Any CPU
		{19EDECDD-CF6D-438F-99F6-C5BBB8DA5ADA}.Release|x86.Deploy.0 = Release|Any CPU
		{6C88AFC9-467E-46A0-9B14-46101C9BCD60}.Ad-Hoc|Any CPU.ActiveCfg = Ad-Hoc|iPhoneSimulator
		{6C88AFC9-467E-46A0-9B14-46101C9BCD60}.Ad-Hoc|ARM.ActiveCfg = Ad-Hoc|iPhoneSimulator
		{6C88AFC9-467E-46A0-9B14-46101C9BCD60}.Ad-Hoc|ARM64.ActiveCfg = Ad-Hoc|iPhoneSimulator
		{6C88AFC9-467E-46A0-9B14-46101C9BCD60}.Ad-Hoc|iPhone.ActiveCfg = Ad-Hoc|iPhone
		{6C88AFC9-467E-46A0-9B14-46101C9BCD60}.Ad-Hoc|iPhone.Build.0 = Ad-Hoc|iPhone
		{6C88AFC9-467E-46A0-9B14-46101C9BCD60}.Ad-Hoc|iPhoneSimulator.ActiveCfg = Ad-Hoc|iPhoneSimulator
		{6C88AFC9-467E-46A0-9B14-46101C9BCD60}.Ad-Hoc|iPhoneSimulator.Build.0 = Ad-Hoc|iPhoneSimulator
		{6C88AFC9-467E-46A0-9B14-46101C9BCD60}.Ad-Hoc|x64.ActiveCfg = Ad-Hoc|iPhoneSimulator
		{6C88AFC9-467E-46A0-9B14-46101C9BCD60}.Ad-Hoc|x86.ActiveCfg = Ad-Hoc|iPhoneSimulator
		{6C88AFC9-467E-46A0-9B14-46101C9BCD60}.AppStore|Any CPU.ActiveCfg = AppStore|iPhoneSimulator
		{6C88AFC9-467E-46A0-9B14-46101C9BCD60}.AppStore|ARM.ActiveCfg = AppStore|iPhoneSimulator
		{6C88AFC9-467E-46A0-9B14-46101C9BCD60}.AppStore|ARM64.ActiveCfg = AppStore|iPhoneSimulator
		{6C88AFC9-467E-46A0-9B14-46101C9BCD60}.AppStore|iPhone.ActiveCfg = AppStore|iPhone
		{6C88AFC9-467E-46A0-9B14-46101C9BCD60}.AppStore|iPhone.Build.0 = AppStore|iPhone
		{6C88AFC9-467E-46A0-9B14-46101C9BCD60}.AppStore|iPhoneSimulator.ActiveCfg = AppStore|iPhoneSimulator
		{6C88AFC9-467E-46A0-9B14-46101C9BCD60}.AppStore|iPhoneSimulator.Build.0 = AppStore|iPhoneSimulator
		{6C88AFC9-467E-46A0-9B14-46101C9BCD60}.AppStore|x64.ActiveCfg = AppStore|iPhoneSimulator
		{6C88AFC9-467E-46A0-9B14-46101C9BCD60}.AppStore|x86.ActiveCfg = AppStore|iPhoneSimulator
		{6C88AFC9-467E-46A0-9B14-46101C9BCD60}.Debug|Any CPU.ActiveCfg = Debug|iPhoneSimulator
		{6C88AFC9-467E-46A0-9B14-46101C9BCD60}.Debug|ARM.ActiveCfg = Debug|iPhoneSimulator
		{6C88AFC9-467E-46A0-9B14-46101C9BCD60}.Debug|ARM64.ActiveCfg = Debug|iPhoneSimulator
		{6C88AFC9-467E-46A0-9B14-46101C9BCD60}.Debug|iPhone.ActiveCfg = Debug|iPhone
		{6C88AFC9-467E-46A0-9B14-46101C9BCD60}.Debug|iPhone.Build.0 = Debug|iPhone
		{6C88AFC9-467E-46A0-9B14-46101C9BCD60}.Debug|iPhoneSimulator.ActiveCfg = Debug|iPhoneSimulator
		{6C88AFC9-467E-46A0-9B14-46101C9BCD60}.Debug|iPhoneSimulator.Build.0 = Debug|iPhoneSimulator
		{6C88AFC9-467E-46A0-9B14-46101C9BCD60}.Debug|x64.ActiveCfg = Debug|iPhoneSimulator
		{6C88AFC9-467E-46A0-9B14-46101C9BCD60}.Debug|x86.ActiveCfg = Debug|iPhoneSimulator
		{6C88AFC9-467E-46A0-9B14-46101C9BCD60}.Release|Any CPU.ActiveCfg = Release|iPhoneSimulator
		{6C88AFC9-467E-46A0-9B14-46101C9BCD60}.Release|ARM.ActiveCfg = Release|iPhoneSimulator
		{6C88AFC9-467E-46A0-9B14-46101C9BCD60}.Release|ARM64.ActiveCfg = Release|iPhoneSimulator
		{6C88AFC9-467E-46A0-9B14-46101C9BCD60}.Release|iPhone.ActiveCfg = Release|iPhone
		{6C88AFC9-467E-46A0-9B14-46101C9BCD60}.Release|iPhone.Build.0 = Release|iPhone
		{6C88AFC9-467E-46A0-9B14-46101C9BCD60}.Release|iPhoneSimulator.ActiveCfg = Release|iPhoneSimulator
		{6C88AFC9-467E-46A0-9B14-46101C9BCD60}.Release|iPhoneSimulator.Build.0 = Release|iPhoneSimulator
		{6C88AFC9-467E-46A0-9B14-46101C9BCD60}.Release|x64.ActiveCfg = Release|iPhoneSimulator
		{6C88AFC9-467E-46A0-9B14-46101C9BCD60}.Release|x86.ActiveCfg = Release|iPhoneSimulator
		{3238BCB3-1E7D-47F4-8588-249BCD1734A6}.Ad-Hoc|Any CPU.ActiveCfg = Debug|x86
		{3238BCB3-1E7D-47F4-8588-249BCD1734A6}.Ad-Hoc|Any CPU.Build.0 = Debug|x86
		{3238BCB3-1E7D-47F4-8588-249BCD1734A6}.Ad-Hoc|Any CPU.Deploy.0 = Debug|x86
		{3238BCB3-1E7D-47F4-8588-249BCD1734A6}.Ad-Hoc|ARM.ActiveCfg = Debug|ARM
		{3238BCB3-1E7D-47F4-8588-249BCD1734A6}.Ad-Hoc|ARM.Build.0 = Debug|ARM
		{3238BCB3-1E7D-47F4-8588-249BCD1734A6}.Ad-Hoc|ARM.Deploy.0 = Debug|ARM
		{3238BCB3-1E7D-47F4-8588-249BCD1734A6}.Ad-Hoc|ARM64.ActiveCfg = Debug|ARM64
		{3238BCB3-1E7D-47F4-8588-249BCD1734A6}.Ad-Hoc|ARM64.Build.0 = Debug|ARM64
		{3238BCB3-1E7D-47F4-8588-249BCD1734A6}.Ad-Hoc|ARM64.Deploy.0 = Debug|ARM64
		{3238BCB3-1E7D-47F4-8588-249BCD1734A6}.Ad-Hoc|iPhone.ActiveCfg = Debug|x86
		{3238BCB3-1E7D-47F4-8588-249BCD1734A6}.Ad-Hoc|iPhone.Build.0 = Debug|x86
		{3238BCB3-1E7D-47F4-8588-249BCD1734A6}.Ad-Hoc|iPhone.Deploy.0 = Debug|x86
		{3238BCB3-1E7D-47F4-8588-249BCD1734A6}.Ad-Hoc|iPhoneSimulator.ActiveCfg = Debug|x86
		{3238BCB3-1E7D-47F4-8588-249BCD1734A6}.Ad-Hoc|iPhoneSimulator.Build.0 = Debug|x86
		{3238BCB3-1E7D-47F4-8588-249BCD1734A6}.Ad-Hoc|iPhoneSimulator.Deploy.0 = Debug|x86
		{3238BCB3-1E7D-47F4-8588-249BCD1734A6}.Ad-Hoc|x64.ActiveCfg = Debug|x64
		{3238BCB3-1E7D-47F4-8588-249BCD1734A6}.Ad-Hoc|x64.Build.0 = Debug|x64
		{3238BCB3-1E7D-47F4-8588-249BCD1734A6}.Ad-Hoc|x64.Deploy.0 = Debug|x64
		{3238BCB3-1E7D-47F4-8588-249BCD1734A6}.Ad-Hoc|x86.ActiveCfg = Debug|x86
		{3238BCB3-1E7D-47F4-8588-249BCD1734A6}.Ad-Hoc|x86.Build.0 = Debug|x86
		{3238BCB3-1E7D-47F4-8588-249BCD1734A6}.Ad-Hoc|x86.Deploy.0 = Debug|x86
		{3238BCB3-1E7D-47F4-8588-249BCD1734A6}.AppStore|Any CPU.ActiveCfg = Debug|x86
		{3238BCB3-1E7D-47F4-8588-249BCD1734A6}.AppStore|Any CPU.Build.0 = Debug|x86
		{3238BCB3-1E7D-47F4-8588-249BCD1734A6}.AppStore|Any CPU.Deploy.0 = Debug|x86
		{3238BCB3-1E7D-47F4-8588-249BCD1734A6}.AppStore|ARM.ActiveCfg = Debug|ARM
		{3238BCB3-1E7D-47F4-8588-249BCD1734A6}.AppStore|ARM.Build.0 = Debug|ARM
		{3238BCB3-1E7D-47F4-8588-249BCD1734A6}.AppStore|ARM.Deploy.0 = Debug|ARM
		{3238BCB3-1E7D-47F4-8588-249BCD1734A6}.AppStore|ARM64.ActiveCfg = Debug|ARM64
		{3238BCB3-1E7D-47F4-8588-249BCD1734A6}.AppStore|ARM64.Build.0 = Debug|ARM64
		{3238BCB3-1E7D-47F4-8588-249BCD1734A6}.AppStore|ARM64.Deploy.0 = Debug|ARM64
		{3238BCB3-1E7D-47F4-8588-249BCD1734A6}.AppStore|iPhone.ActiveCfg = Debug|x86
		{3238BCB3-1E7D-47F4-8588-249BCD1734A6}.AppStore|iPhone.Build.0 = Debug|x86
		{3238BCB3-1E7D-47F4-8588-249BCD1734A6}.AppStore|iPhone.Deploy.0 = Debug|x86
		{3238BCB3-1E7D-47F4-8588-249BCD1734A6}.AppStore|iPhoneSimulator.ActiveCfg = Debug|x86
		{3238BCB3-1E7D-47F4-8588-249BCD1734A6}.AppStore|iPhoneSimulator.Build.0 = Debug|x86
		{3238BCB3-1E7D-47F4-8588-249BCD1734A6}.AppStore|iPhoneSimulator.Deploy.0 = Debug|x86
		{3238BCB3-1E7D-47F4-8588-249BCD1734A6}.AppStore|x64.ActiveCfg = Debug|x64
		{3238BCB3-1E7D-47F4-8588-249BCD1734A6}.AppStore|x64.Build.0 = Debug|x64
		{3238BCB3-1E7D-47F4-8588-249BCD1734A6}.AppStore|x64.Deploy.0 = Debug|x64
		{3238BCB3-1E7D-47F4-8588-249BCD1734A6}.AppStore|x86.ActiveCfg = Debug|x86
		{3238BCB3-1E7D-47F4-8588-249BCD1734A6}.AppStore|x86.Build.0 = Debug|x86
		{3238BCB3-1E7D-47F4-8588-249BCD1734A6}.AppStore|x86.Deploy.0 = Debug|x86
		{3238BCB3-1E7D-47F4-8588-249BCD1734A6}.Debug|Any CPU.ActiveCfg = Debug|x86
		{3238BCB3-1E7D-47F4-8588-249BCD1734A6}.Debug|Any CPU.Build.0 = Debug|x86
		{3238BCB3-1E7D-47F4-8588-249BCD1734A6}.Debug|Any CPU.Deploy.0 = Debug|x86
		{3238BCB3-1E7D-47F4-8588-249BCD1734A6}.Debug|ARM.ActiveCfg = Debug|ARM
		{3238BCB3-1E7D-47F4-8588-249BCD1734A6}.Debug|ARM.Build.0 = Debug|ARM
		{3238BCB3-1E7D-47F4-8588-249BCD1734A6}.Debug|ARM.Deploy.0 = Debug|ARM
		{3238BCB3-1E7D-47F4-8588-249BCD1734A6}.Debug|ARM64.ActiveCfg = Debug|ARM64
		{3238BCB3-1E7D-47F4-8588-249BCD1734A6}.Debug|ARM64.Build.0 = Debug|ARM64
		{3238BCB3-1E7D-47F4-8588-249BCD1734A6}.Debug|ARM64.Deploy.0 = Debug|ARM64
		{3238BCB3-1E7D-47F4-8588-249BCD1734A6}.Debug|iPhone.ActiveCfg = Debug|x86
		{3238BCB3-1E7D-47F4-8588-249BCD1734A6}.Debug|iPhoneSimulator.ActiveCfg = Debug|x86
		{3238BCB3-1E7D-47F4-8588-249BCD1734A6}.Debug|x64.ActiveCfg = Debug|x64
		{3238BCB3-1E7D-47F4-8588-249BCD1734A6}.Debug|x64.Build.0 = Debug|x64
		{3238BCB3-1E7D-47F4-8588-249BCD1734A6}.Debug|x64.Deploy.0 = Debug|x64
		{3238BCB3-1E7D-47F4-8588-249BCD1734A6}.Debug|x86.ActiveCfg = Debug|x86
		{3238BCB3-1E7D-47F4-8588-249BCD1734A6}.Debug|x86.Build.0 = Debug|x86
		{3238BCB3-1E7D-47F4-8588-249BCD1734A6}.Debug|x86.Deploy.0 = Debug|x86
		{3238BCB3-1E7D-47F4-8588-249BCD1734A6}.Release|Any CPU.ActiveCfg = Release|x86
		{3238BCB3-1E7D-47F4-8588-249BCD1734A6}.Release|ARM.ActiveCfg = Release|ARM
		{3238BCB3-1E7D-47F4-8588-249BCD1734A6}.Release|ARM.Build.0 = Release|ARM
		{3238BCB3-1E7D-47F4-8588-249BCD1734A6}.Release|ARM.Deploy.0 = Release|ARM
		{3238BCB3-1E7D-47F4-8588-249BCD1734A6}.Release|ARM64.ActiveCfg = Release|ARM64
		{3238BCB3-1E7D-47F4-8588-249BCD1734A6}.Release|ARM64.Build.0 = Release|ARM64
		{3238BCB3-1E7D-47F4-8588-249BCD1734A6}.Release|ARM64.Deploy.0 = Release|ARM64
		{3238BCB3-1E7D-47F4-8588-249BCD1734A6}.Release|iPhone.ActiveCfg = Release|x86
		{3238BCB3-1E7D-47F4-8588-249BCD1734A6}.Release|iPhoneSimulator.ActiveCfg = Release|x86
		{3238BCB3-1E7D-47F4-8588-249BCD1734A6}.Release|x64.ActiveCfg = Release|x64
		{3238BCB3-1E7D-47F4-8588-249BCD1734A6}.Release|x64.Build.0 = Release|x64
		{3238BCB3-1E7D-47F4-8588-249BCD1734A6}.Release|x64.Deploy.0 = Release|x64
		{3238BCB3-1E7D-47F4-8588-249BCD1734A6}.Release|x86.ActiveCfg = Release|x86
		{3238BCB3-1E7D-47F4-8588-249BCD1734A6}.Release|x86.Build.0 = Release|x86
		{3238BCB3-1E7D-47F4-8588-249BCD1734A6}.Release|x86.Deploy.0 = Release|x86
		{0F5A6BFB-3815-4663-853A-D6B288B508EC}.Ad-Hoc|Any CPU.ActiveCfg = Debug|Any CPU
		{0F5A6BFB-3815-4663-853A-D6B288B508EC}.Ad-Hoc|Any CPU.Build.0 = Debug|Any CPU
		{0F5A6BFB-3815-4663-853A-D6B288B508EC}.Ad-Hoc|ARM.ActiveCfg = Debug|Any CPU
		{0F5A6BFB-3815-4663-853A-D6B288B508EC}.Ad-Hoc|ARM.Build.0 = Debug|Any CPU
		{0F5A6BFB-3815-4663-853A-D6B288B508EC}.Ad-Hoc|ARM64.ActiveCfg = Debug|Any CPU
		{0F5A6BFB-3815-4663-853A-D6B288B508EC}.Ad-Hoc|ARM64.Build.0 = Debug|Any CPU
		{0F5A6BFB-3815-4663-853A-D6B288B508EC}.Ad-Hoc|iPhone.ActiveCfg = Debug|Any CPU
		{0F5A6BFB-3815-4663-853A-D6B288B508EC}.Ad-Hoc|iPhone.Build.0 = Debug|Any CPU
		{0F5A6BFB-3815-4663-853A-D6B288B508EC}.Ad-Hoc|iPhoneSimulator.ActiveCfg = Debug|Any CPU
		{0F5A6BFB-3815-4663-853A-D6B288B508EC}.Ad-Hoc|iPhoneSimulator.Build.0 = Debug|Any CPU
		{0F5A6BFB-3815-4663-853A-D6B288B508EC}.Ad-Hoc|x64.ActiveCfg = Debug|Any CPU
		{0F5A6BFB-3815-4663-853A-D6B288B508EC}.Ad-Hoc|x64.Build.0 = Debug|Any CPU
		{0F5A6BFB-3815-4663-853A-D6B288B508EC}.Ad-Hoc|x86.ActiveCfg = Debug|Any CPU
		{0F5A6BFB-3815-4663-853A-D6B288B508EC}.Ad-Hoc|x86.Build.0 = Debug|Any CPU
		{0F5A6BFB-3815-4663-853A-D6B288B508EC}.AppStore|Any CPU.ActiveCfg = Debug|Any CPU
		{0F5A6BFB-3815-4663-853A-D6B288B508EC}.AppStore|Any CPU.Build.0 = Debug|Any CPU
		{0F5A6BFB-3815-4663-853A-D6B288B508EC}.AppStore|ARM.ActiveCfg = Debug|Any CPU
		{0F5A6BFB-3815-4663-853A-D6B288B508EC}.AppStore|ARM.Build.0 = Debug|Any CPU
		{0F5A6BFB-3815-4663-853A-D6B288B508EC}.AppStore|ARM64.ActiveCfg = Debug|Any CPU
		{0F5A6BFB-3815-4663-853A-D6B288B508EC}.AppStore|ARM64.Build.0 = Debug|Any CPU
		{0F5A6BFB-3815-4663-853A-D6B288B508EC}.AppStore|iPhone.ActiveCfg = Debug|Any CPU
		{0F5A6BFB-3815-4663-853A-D6B288B508EC}.AppStore|iPhone.Build.0 = Debug|Any CPU
		{0F5A6BFB-3815-4663-853A-D6B288B508EC}.AppStore|iPhoneSimulator.ActiveCfg = Debug|Any CPU
		{0F5A6BFB-3815-4663-853A-D6B288B508EC}.AppStore|iPhoneSimulator.Build.0 = Debug|Any CPU
		{0F5A6BFB-3815-4663-853A-D6B288B508EC}.AppStore|x64.ActiveCfg = Debug|Any CPU
		{0F5A6BFB-3815-4663-853A-D6B288B508EC}.AppStore|x64.Build.0 = Debug|Any CPU
		{0F5A6BFB-3815-4663-853A-D6B288B508EC}.AppStore|x86.ActiveCfg = Debug|Any CPU
		{0F5A6BFB-3815-4663-853A-D6B288B508EC}.AppStore|x86.Build.0 = Debug|Any CPU
		{0F5A6BFB-3815-4663-853A-D6B288B508EC}.Debug|Any CPU.ActiveCfg = Debug|Any CPU
		{0F5A6BFB-3815-4663-853A-D6B288B508EC}.Debug|Any CPU.Build.0 = Debug|Any CPU
		{0F5A6BFB-3815-4663-853A-D6B288B508EC}.Debug|ARM.ActiveCfg = Debug|Any CPU
		{0F5A6BFB-3815-4663-853A-D6B288B508EC}.Debug|ARM.Build.0 = Debug|Any CPU
		{0F5A6BFB-3815-4663-853A-D6B288B508EC}.Debug|ARM64.ActiveCfg = Debug|Any CPU
		{0F5A6BFB-3815-4663-853A-D6B288B508EC}.Debug|ARM64.Build.0 = Debug|Any CPU
		{0F5A6BFB-3815-4663-853A-D6B288B508EC}.Debug|iPhone.ActiveCfg = Debug|Any CPU
		{0F5A6BFB-3815-4663-853A-D6B288B508EC}.Debug|iPhone.Build.0 = Debug|Any CPU
		{0F5A6BFB-3815-4663-853A-D6B288B508EC}.Debug|iPhoneSimulator.ActiveCfg = Debug|Any CPU
		{0F5A6BFB-3815-4663-853A-D6B288B508EC}.Debug|iPhoneSimulator.Build.0 = Debug|Any CPU
		{0F5A6BFB-3815-4663-853A-D6B288B508EC}.Debug|x64.ActiveCfg = Debug|Any CPU
		{0F5A6BFB-3815-4663-853A-D6B288B508EC}.Debug|x64.Build.0 = Debug|Any CPU
		{0F5A6BFB-3815-4663-853A-D6B288B508EC}.Debug|x86.ActiveCfg = Debug|Any CPU
		{0F5A6BFB-3815-4663-853A-D6B288B508EC}.Debug|x86.Build.0 = Debug|Any CPU
		{0F5A6BFB-3815-4663-853A-D6B288B508EC}.Release|Any CPU.ActiveCfg = Release|Any CPU
		{0F5A6BFB-3815-4663-853A-D6B288B508EC}.Release|Any CPU.Build.0 = Release|Any CPU
		{0F5A6BFB-3815-4663-853A-D6B288B508EC}.Release|ARM.ActiveCfg = Release|Any CPU
		{0F5A6BFB-3815-4663-853A-D6B288B508EC}.Release|ARM.Build.0 = Release|Any CPU
		{0F5A6BFB-3815-4663-853A-D6B288B508EC}.Release|ARM64.ActiveCfg = Release|Any CPU
		{0F5A6BFB-3815-4663-853A-D6B288B508EC}.Release|ARM64.Build.0 = Release|Any CPU
		{0F5A6BFB-3815-4663-853A-D6B288B508EC}.Release|iPhone.ActiveCfg = Release|Any CPU
		{0F5A6BFB-3815-4663-853A-D6B288B508EC}.Release|iPhone.Build.0 = Release|Any CPU
		{0F5A6BFB-3815-4663-853A-D6B288B508EC}.Release|iPhoneSimulator.ActiveCfg = Release|Any CPU
		{0F5A6BFB-3815-4663-853A-D6B288B508EC}.Release|iPhoneSimulator.Build.0 = Release|Any CPU
		{0F5A6BFB-3815-4663-853A-D6B288B508EC}.Release|x64.ActiveCfg = Release|Any CPU
		{0F5A6BFB-3815-4663-853A-D6B288B508EC}.Release|x64.Build.0 = Release|Any CPU
		{0F5A6BFB-3815-4663-853A-D6B288B508EC}.Release|x86.ActiveCfg = Release|Any CPU
		{0F5A6BFB-3815-4663-853A-D6B288B508EC}.Release|x86.Build.0 = Release|Any CPU
		{412A5129-7A47-47D1-A3EE-D2C59AD70AA4}.Ad-Hoc|Any CPU.ActiveCfg = Debug|iPhoneSimulator
		{412A5129-7A47-47D1-A3EE-D2C59AD70AA4}.Ad-Hoc|Any CPU.Build.0 = Debug|iPhoneSimulator
		{412A5129-7A47-47D1-A3EE-D2C59AD70AA4}.Ad-Hoc|ARM.ActiveCfg = Debug|iPhoneSimulator
		{412A5129-7A47-47D1-A3EE-D2C59AD70AA4}.Ad-Hoc|ARM.Build.0 = Debug|iPhoneSimulator
		{412A5129-7A47-47D1-A3EE-D2C59AD70AA4}.Ad-Hoc|ARM64.ActiveCfg = Debug|iPhoneSimulator
		{412A5129-7A47-47D1-A3EE-D2C59AD70AA4}.Ad-Hoc|ARM64.Build.0 = Debug|iPhoneSimulator
		{412A5129-7A47-47D1-A3EE-D2C59AD70AA4}.Ad-Hoc|iPhone.ActiveCfg = Debug|iPhoneSimulator
		{412A5129-7A47-47D1-A3EE-D2C59AD70AA4}.Ad-Hoc|iPhone.Build.0 = Debug|iPhoneSimulator
		{412A5129-7A47-47D1-A3EE-D2C59AD70AA4}.Ad-Hoc|iPhoneSimulator.ActiveCfg = Debug|iPhoneSimulator
		{412A5129-7A47-47D1-A3EE-D2C59AD70AA4}.Ad-Hoc|iPhoneSimulator.Build.0 = Debug|iPhoneSimulator
		{412A5129-7A47-47D1-A3EE-D2C59AD70AA4}.Ad-Hoc|x64.ActiveCfg = Debug|iPhoneSimulator
		{412A5129-7A47-47D1-A3EE-D2C59AD70AA4}.Ad-Hoc|x64.Build.0 = Debug|iPhoneSimulator
		{412A5129-7A47-47D1-A3EE-D2C59AD70AA4}.Ad-Hoc|x86.ActiveCfg = Debug|iPhoneSimulator
		{412A5129-7A47-47D1-A3EE-D2C59AD70AA4}.Ad-Hoc|x86.Build.0 = Debug|iPhoneSimulator
		{412A5129-7A47-47D1-A3EE-D2C59AD70AA4}.AppStore|Any CPU.ActiveCfg = Debug|iPhoneSimulator
		{412A5129-7A47-47D1-A3EE-D2C59AD70AA4}.AppStore|Any CPU.Build.0 = Debug|iPhoneSimulator
		{412A5129-7A47-47D1-A3EE-D2C59AD70AA4}.AppStore|ARM.ActiveCfg = Debug|iPhoneSimulator
		{412A5129-7A47-47D1-A3EE-D2C59AD70AA4}.AppStore|ARM.Build.0 = Debug|iPhoneSimulator
		{412A5129-7A47-47D1-A3EE-D2C59AD70AA4}.AppStore|ARM64.ActiveCfg = Debug|iPhoneSimulator
		{412A5129-7A47-47D1-A3EE-D2C59AD70AA4}.AppStore|ARM64.Build.0 = Debug|iPhoneSimulator
		{412A5129-7A47-47D1-A3EE-D2C59AD70AA4}.AppStore|iPhone.ActiveCfg = Debug|iPhoneSimulator
		{412A5129-7A47-47D1-A3EE-D2C59AD70AA4}.AppStore|iPhone.Build.0 = Debug|iPhoneSimulator
		{412A5129-7A47-47D1-A3EE-D2C59AD70AA4}.AppStore|iPhoneSimulator.ActiveCfg = Debug|iPhoneSimulator
		{412A5129-7A47-47D1-A3EE-D2C59AD70AA4}.AppStore|iPhoneSimulator.Build.0 = Debug|iPhoneSimulator
		{412A5129-7A47-47D1-A3EE-D2C59AD70AA4}.AppStore|x64.ActiveCfg = Debug|iPhoneSimulator
		{412A5129-7A47-47D1-A3EE-D2C59AD70AA4}.AppStore|x64.Build.0 = Debug|iPhoneSimulator
		{412A5129-7A47-47D1-A3EE-D2C59AD70AA4}.AppStore|x86.ActiveCfg = Debug|iPhoneSimulator
		{412A5129-7A47-47D1-A3EE-D2C59AD70AA4}.AppStore|x86.Build.0 = Debug|iPhoneSimulator
		{412A5129-7A47-47D1-A3EE-D2C59AD70AA4}.Debug|Any CPU.ActiveCfg = Debug|iPhoneSimulator
		{412A5129-7A47-47D1-A3EE-D2C59AD70AA4}.Debug|ARM.ActiveCfg = Debug|iPhoneSimulator
		{412A5129-7A47-47D1-A3EE-D2C59AD70AA4}.Debug|ARM64.ActiveCfg = Debug|iPhoneSimulator
		{412A5129-7A47-47D1-A3EE-D2C59AD70AA4}.Debug|iPhone.ActiveCfg = Debug|iPhoneSimulator
		{412A5129-7A47-47D1-A3EE-D2C59AD70AA4}.Debug|iPhoneSimulator.ActiveCfg = Debug|iPhoneSimulator
		{412A5129-7A47-47D1-A3EE-D2C59AD70AA4}.Debug|iPhoneSimulator.Build.0 = Debug|iPhoneSimulator
		{412A5129-7A47-47D1-A3EE-D2C59AD70AA4}.Debug|x64.ActiveCfg = Debug|iPhoneSimulator
		{412A5129-7A47-47D1-A3EE-D2C59AD70AA4}.Debug|x86.ActiveCfg = Debug|iPhoneSimulator
		{412A5129-7A47-47D1-A3EE-D2C59AD70AA4}.Release|Any CPU.ActiveCfg = Release|iPhoneSimulator
		{412A5129-7A47-47D1-A3EE-D2C59AD70AA4}.Release|ARM.ActiveCfg = Release|iPhoneSimulator
		{412A5129-7A47-47D1-A3EE-D2C59AD70AA4}.Release|ARM64.ActiveCfg = Release|iPhoneSimulator
		{412A5129-7A47-47D1-A3EE-D2C59AD70AA4}.Release|iPhone.ActiveCfg = Release|iPhoneSimulator
		{412A5129-7A47-47D1-A3EE-D2C59AD70AA4}.Release|iPhoneSimulator.ActiveCfg = Release|iPhoneSimulator
		{412A5129-7A47-47D1-A3EE-D2C59AD70AA4}.Release|iPhoneSimulator.Build.0 = Release|iPhoneSimulator
		{412A5129-7A47-47D1-A3EE-D2C59AD70AA4}.Release|x64.ActiveCfg = Release|iPhoneSimulator
		{412A5129-7A47-47D1-A3EE-D2C59AD70AA4}.Release|x86.ActiveCfg = Release|iPhoneSimulator
		{62D135C6-9B20-4EC9-86AE-70BFF79E12C0}.Ad-Hoc|Any CPU.ActiveCfg = Debug|Any CPU
		{62D135C6-9B20-4EC9-86AE-70BFF79E12C0}.Ad-Hoc|Any CPU.Build.0 = Debug|Any CPU
		{62D135C6-9B20-4EC9-86AE-70BFF79E12C0}.Ad-Hoc|ARM.ActiveCfg = Debug|Any CPU
		{62D135C6-9B20-4EC9-86AE-70BFF79E12C0}.Ad-Hoc|ARM.Build.0 = Debug|Any CPU
		{62D135C6-9B20-4EC9-86AE-70BFF79E12C0}.Ad-Hoc|ARM64.ActiveCfg = Debug|Any CPU
		{62D135C6-9B20-4EC9-86AE-70BFF79E12C0}.Ad-Hoc|ARM64.Build.0 = Debug|Any CPU
		{62D135C6-9B20-4EC9-86AE-70BFF79E12C0}.Ad-Hoc|iPhone.ActiveCfg = Debug|Any CPU
		{62D135C6-9B20-4EC9-86AE-70BFF79E12C0}.Ad-Hoc|iPhone.Build.0 = Debug|Any CPU
		{62D135C6-9B20-4EC9-86AE-70BFF79E12C0}.Ad-Hoc|iPhoneSimulator.ActiveCfg = Debug|Any CPU
		{62D135C6-9B20-4EC9-86AE-70BFF79E12C0}.Ad-Hoc|iPhoneSimulator.Build.0 = Debug|Any CPU
		{62D135C6-9B20-4EC9-86AE-70BFF79E12C0}.Ad-Hoc|x64.ActiveCfg = Debug|Any CPU
		{62D135C6-9B20-4EC9-86AE-70BFF79E12C0}.Ad-Hoc|x64.Build.0 = Debug|Any CPU
		{62D135C6-9B20-4EC9-86AE-70BFF79E12C0}.Ad-Hoc|x86.ActiveCfg = Debug|Any CPU
		{62D135C6-9B20-4EC9-86AE-70BFF79E12C0}.Ad-Hoc|x86.Build.0 = Debug|Any CPU
		{62D135C6-9B20-4EC9-86AE-70BFF79E12C0}.AppStore|Any CPU.ActiveCfg = Debug|Any CPU
		{62D135C6-9B20-4EC9-86AE-70BFF79E12C0}.AppStore|Any CPU.Build.0 = Debug|Any CPU
		{62D135C6-9B20-4EC9-86AE-70BFF79E12C0}.AppStore|ARM.ActiveCfg = Debug|Any CPU
		{62D135C6-9B20-4EC9-86AE-70BFF79E12C0}.AppStore|ARM.Build.0 = Debug|Any CPU
		{62D135C6-9B20-4EC9-86AE-70BFF79E12C0}.AppStore|ARM64.ActiveCfg = Debug|Any CPU
		{62D135C6-9B20-4EC9-86AE-70BFF79E12C0}.AppStore|ARM64.Build.0 = Debug|Any CPU
		{62D135C6-9B20-4EC9-86AE-70BFF79E12C0}.AppStore|iPhone.ActiveCfg = Debug|Any CPU
		{62D135C6-9B20-4EC9-86AE-70BFF79E12C0}.AppStore|iPhone.Build.0 = Debug|Any CPU
		{62D135C6-9B20-4EC9-86AE-70BFF79E12C0}.AppStore|iPhoneSimulator.ActiveCfg = Debug|Any CPU
		{62D135C6-9B20-4EC9-86AE-70BFF79E12C0}.AppStore|iPhoneSimulator.Build.0 = Debug|Any CPU
		{62D135C6-9B20-4EC9-86AE-70BFF79E12C0}.AppStore|x64.ActiveCfg = Debug|Any CPU
		{62D135C6-9B20-4EC9-86AE-70BFF79E12C0}.AppStore|x64.Build.0 = Debug|Any CPU
		{62D135C6-9B20-4EC9-86AE-70BFF79E12C0}.AppStore|x86.ActiveCfg = Debug|Any CPU
		{62D135C6-9B20-4EC9-86AE-70BFF79E12C0}.AppStore|x86.Build.0 = Debug|Any CPU
		{62D135C6-9B20-4EC9-86AE-70BFF79E12C0}.Debug|Any CPU.ActiveCfg = Debug|Any CPU
		{62D135C6-9B20-4EC9-86AE-70BFF79E12C0}.Debug|Any CPU.Build.0 = Debug|Any CPU
		{62D135C6-9B20-4EC9-86AE-70BFF79E12C0}.Debug|ARM.ActiveCfg = Debug|Any CPU
		{62D135C6-9B20-4EC9-86AE-70BFF79E12C0}.Debug|ARM.Build.0 = Debug|Any CPU
		{62D135C6-9B20-4EC9-86AE-70BFF79E12C0}.Debug|ARM64.ActiveCfg = Debug|Any CPU
		{62D135C6-9B20-4EC9-86AE-70BFF79E12C0}.Debug|ARM64.Build.0 = Debug|Any CPU
		{62D135C6-9B20-4EC9-86AE-70BFF79E12C0}.Debug|iPhone.ActiveCfg = Debug|Any CPU
		{62D135C6-9B20-4EC9-86AE-70BFF79E12C0}.Debug|iPhone.Build.0 = Debug|Any CPU
		{62D135C6-9B20-4EC9-86AE-70BFF79E12C0}.Debug|iPhoneSimulator.ActiveCfg = Debug|Any CPU
		{62D135C6-9B20-4EC9-86AE-70BFF79E12C0}.Debug|iPhoneSimulator.Build.0 = Debug|Any CPU
		{62D135C6-9B20-4EC9-86AE-70BFF79E12C0}.Debug|x64.ActiveCfg = Debug|Any CPU
		{62D135C6-9B20-4EC9-86AE-70BFF79E12C0}.Debug|x64.Build.0 = Debug|Any CPU
		{62D135C6-9B20-4EC9-86AE-70BFF79E12C0}.Debug|x86.ActiveCfg = Debug|Any CPU
		{62D135C6-9B20-4EC9-86AE-70BFF79E12C0}.Debug|x86.Build.0 = Debug|Any CPU
		{62D135C6-9B20-4EC9-86AE-70BFF79E12C0}.Release|Any CPU.ActiveCfg = Release|Any CPU
		{62D135C6-9B20-4EC9-86AE-70BFF79E12C0}.Release|Any CPU.Build.0 = Release|Any CPU
		{62D135C6-9B20-4EC9-86AE-70BFF79E12C0}.Release|ARM.ActiveCfg = Release|Any CPU
		{62D135C6-9B20-4EC9-86AE-70BFF79E12C0}.Release|ARM.Build.0 = Release|Any CPU
		{62D135C6-9B20-4EC9-86AE-70BFF79E12C0}.Release|ARM64.ActiveCfg = Release|Any CPU
		{62D135C6-9B20-4EC9-86AE-70BFF79E12C0}.Release|ARM64.Build.0 = Release|Any CPU
		{62D135C6-9B20-4EC9-86AE-70BFF79E12C0}.Release|iPhone.ActiveCfg = Release|Any CPU
		{62D135C6-9B20-4EC9-86AE-70BFF79E12C0}.Release|iPhone.Build.0 = Release|Any CPU
		{62D135C6-9B20-4EC9-86AE-70BFF79E12C0}.Release|iPhoneSimulator.ActiveCfg = Release|Any CPU
		{62D135C6-9B20-4EC9-86AE-70BFF79E12C0}.Release|iPhoneSimulator.Build.0 = Release|Any CPU
		{62D135C6-9B20-4EC9-86AE-70BFF79E12C0}.Release|x64.ActiveCfg = Release|Any CPU
		{62D135C6-9B20-4EC9-86AE-70BFF79E12C0}.Release|x64.Build.0 = Release|Any CPU
		{62D135C6-9B20-4EC9-86AE-70BFF79E12C0}.Release|x86.ActiveCfg = Release|Any CPU
		{62D135C6-9B20-4EC9-86AE-70BFF79E12C0}.Release|x86.Build.0 = Release|Any CPU
		{19C17675-C92C-4FF7-8898-A71FA6188CCF}.Ad-Hoc|Any CPU.ActiveCfg = Debug|Any CPU
		{19C17675-C92C-4FF7-8898-A71FA6188CCF}.Ad-Hoc|Any CPU.Build.0 = Debug|Any CPU
		{19C17675-C92C-4FF7-8898-A71FA6188CCF}.Ad-Hoc|ARM.ActiveCfg = Debug|Any CPU
		{19C17675-C92C-4FF7-8898-A71FA6188CCF}.Ad-Hoc|ARM.Build.0 = Debug|Any CPU
		{19C17675-C92C-4FF7-8898-A71FA6188CCF}.Ad-Hoc|ARM64.ActiveCfg = Debug|Any CPU
		{19C17675-C92C-4FF7-8898-A71FA6188CCF}.Ad-Hoc|ARM64.Build.0 = Debug|Any CPU
		{19C17675-C92C-4FF7-8898-A71FA6188CCF}.Ad-Hoc|iPhone.ActiveCfg = Debug|Any CPU
		{19C17675-C92C-4FF7-8898-A71FA6188CCF}.Ad-Hoc|iPhone.Build.0 = Debug|Any CPU
		{19C17675-C92C-4FF7-8898-A71FA6188CCF}.Ad-Hoc|iPhoneSimulator.ActiveCfg = Debug|Any CPU
		{19C17675-C92C-4FF7-8898-A71FA6188CCF}.Ad-Hoc|iPhoneSimulator.Build.0 = Debug|Any CPU
		{19C17675-C92C-4FF7-8898-A71FA6188CCF}.Ad-Hoc|x64.ActiveCfg = Debug|Any CPU
		{19C17675-C92C-4FF7-8898-A71FA6188CCF}.Ad-Hoc|x64.Build.0 = Debug|Any CPU
		{19C17675-C92C-4FF7-8898-A71FA6188CCF}.Ad-Hoc|x86.ActiveCfg = Debug|Any CPU
		{19C17675-C92C-4FF7-8898-A71FA6188CCF}.Ad-Hoc|x86.Build.0 = Debug|Any CPU
		{19C17675-C92C-4FF7-8898-A71FA6188CCF}.AppStore|Any CPU.ActiveCfg = Debug|Any CPU
		{19C17675-C92C-4FF7-8898-A71FA6188CCF}.AppStore|Any CPU.Build.0 = Debug|Any CPU
		{19C17675-C92C-4FF7-8898-A71FA6188CCF}.AppStore|ARM.ActiveCfg = Debug|Any CPU
		{19C17675-C92C-4FF7-8898-A71FA6188CCF}.AppStore|ARM.Build.0 = Debug|Any CPU
		{19C17675-C92C-4FF7-8898-A71FA6188CCF}.AppStore|ARM64.ActiveCfg = Debug|Any CPU
		{19C17675-C92C-4FF7-8898-A71FA6188CCF}.AppStore|ARM64.Build.0 = Debug|Any CPU
		{19C17675-C92C-4FF7-8898-A71FA6188CCF}.AppStore|iPhone.ActiveCfg = Debug|Any CPU
		{19C17675-C92C-4FF7-8898-A71FA6188CCF}.AppStore|iPhone.Build.0 = Debug|Any CPU
		{19C17675-C92C-4FF7-8898-A71FA6188CCF}.AppStore|iPhoneSimulator.ActiveCfg = Debug|Any CPU
		{19C17675-C92C-4FF7-8898-A71FA6188CCF}.AppStore|iPhoneSimulator.Build.0 = Debug|Any CPU
		{19C17675-C92C-4FF7-8898-A71FA6188CCF}.AppStore|x64.ActiveCfg = Debug|Any CPU
		{19C17675-C92C-4FF7-8898-A71FA6188CCF}.AppStore|x64.Build.0 = Debug|Any CPU
		{19C17675-C92C-4FF7-8898-A71FA6188CCF}.AppStore|x86.ActiveCfg = Debug|Any CPU
		{19C17675-C92C-4FF7-8898-A71FA6188CCF}.AppStore|x86.Build.0 = Debug|Any CPU
		{19C17675-C92C-4FF7-8898-A71FA6188CCF}.Debug|Any CPU.ActiveCfg = Debug|Any CPU
		{19C17675-C92C-4FF7-8898-A71FA6188CCF}.Debug|Any CPU.Build.0 = Debug|Any CPU
		{19C17675-C92C-4FF7-8898-A71FA6188CCF}.Debug|ARM.ActiveCfg = Debug|Any CPU
		{19C17675-C92C-4FF7-8898-A71FA6188CCF}.Debug|ARM.Build.0 = Debug|Any CPU
		{19C17675-C92C-4FF7-8898-A71FA6188CCF}.Debug|ARM64.ActiveCfg = Debug|Any CPU
		{19C17675-C92C-4FF7-8898-A71FA6188CCF}.Debug|ARM64.Build.0 = Debug|Any CPU
		{19C17675-C92C-4FF7-8898-A71FA6188CCF}.Debug|iPhone.ActiveCfg = Debug|Any CPU
		{19C17675-C92C-4FF7-8898-A71FA6188CCF}.Debug|iPhone.Build.0 = Debug|Any CPU
		{19C17675-C92C-4FF7-8898-A71FA6188CCF}.Debug|iPhoneSimulator.ActiveCfg = Debug|Any CPU
		{19C17675-C92C-4FF7-8898-A71FA6188CCF}.Debug|iPhoneSimulator.Build.0 = Debug|Any CPU
		{19C17675-C92C-4FF7-8898-A71FA6188CCF}.Debug|x64.ActiveCfg = Debug|Any CPU
		{19C17675-C92C-4FF7-8898-A71FA6188CCF}.Debug|x64.Build.0 = Debug|Any CPU
		{19C17675-C92C-4FF7-8898-A71FA6188CCF}.Debug|x86.ActiveCfg = Debug|Any CPU
		{19C17675-C92C-4FF7-8898-A71FA6188CCF}.Debug|x86.Build.0 = Debug|Any CPU
		{19C17675-C92C-4FF7-8898-A71FA6188CCF}.Release|Any CPU.ActiveCfg = Release|Any CPU
		{19C17675-C92C-4FF7-8898-A71FA6188CCF}.Release|Any CPU.Build.0 = Release|Any CPU
		{19C17675-C92C-4FF7-8898-A71FA6188CCF}.Release|ARM.ActiveCfg = Release|Any CPU
		{19C17675-C92C-4FF7-8898-A71FA6188CCF}.Release|ARM.Build.0 = Release|Any CPU
		{19C17675-C92C-4FF7-8898-A71FA6188CCF}.Release|ARM64.ActiveCfg = Release|Any CPU
		{19C17675-C92C-4FF7-8898-A71FA6188CCF}.Release|ARM64.Build.0 = Release|Any CPU
		{19C17675-C92C-4FF7-8898-A71FA6188CCF}.Release|iPhone.ActiveCfg = Release|Any CPU
		{19C17675-C92C-4FF7-8898-A71FA6188CCF}.Release|iPhone.Build.0 = Release|Any CPU
		{19C17675-C92C-4FF7-8898-A71FA6188CCF}.Release|iPhoneSimulator.ActiveCfg = Release|Any CPU
		{19C17675-C92C-4FF7-8898-A71FA6188CCF}.Release|iPhoneSimulator.Build.0 = Release|Any CPU
		{19C17675-C92C-4FF7-8898-A71FA6188CCF}.Release|x64.ActiveCfg = Release|Any CPU
		{19C17675-C92C-4FF7-8898-A71FA6188CCF}.Release|x64.Build.0 = Release|Any CPU
		{19C17675-C92C-4FF7-8898-A71FA6188CCF}.Release|x86.ActiveCfg = Release|Any CPU
		{19C17675-C92C-4FF7-8898-A71FA6188CCF}.Release|x86.Build.0 = Release|Any CPU
		{08FF9440-8777-4FC5-B462-F5B1B18A1172}.Ad-Hoc|Any CPU.ActiveCfg = Debug|Any CPU
		{08FF9440-8777-4FC5-B462-F5B1B18A1172}.Ad-Hoc|Any CPU.Build.0 = Debug|Any CPU
		{08FF9440-8777-4FC5-B462-F5B1B18A1172}.Ad-Hoc|ARM.ActiveCfg = Debug|Any CPU
		{08FF9440-8777-4FC5-B462-F5B1B18A1172}.Ad-Hoc|ARM.Build.0 = Debug|Any CPU
		{08FF9440-8777-4FC5-B462-F5B1B18A1172}.Ad-Hoc|ARM64.ActiveCfg = Debug|Any CPU
		{08FF9440-8777-4FC5-B462-F5B1B18A1172}.Ad-Hoc|ARM64.Build.0 = Debug|Any CPU
		{08FF9440-8777-4FC5-B462-F5B1B18A1172}.Ad-Hoc|iPhone.ActiveCfg = Debug|Any CPU
		{08FF9440-8777-4FC5-B462-F5B1B18A1172}.Ad-Hoc|iPhone.Build.0 = Debug|Any CPU
		{08FF9440-8777-4FC5-B462-F5B1B18A1172}.Ad-Hoc|iPhoneSimulator.ActiveCfg = Debug|Any CPU
		{08FF9440-8777-4FC5-B462-F5B1B18A1172}.Ad-Hoc|iPhoneSimulator.Build.0 = Debug|Any CPU
		{08FF9440-8777-4FC5-B462-F5B1B18A1172}.Ad-Hoc|x64.ActiveCfg = Debug|Any CPU
		{08FF9440-8777-4FC5-B462-F5B1B18A1172}.Ad-Hoc|x64.Build.0 = Debug|Any CPU
		{08FF9440-8777-4FC5-B462-F5B1B18A1172}.Ad-Hoc|x86.ActiveCfg = Debug|Any CPU
		{08FF9440-8777-4FC5-B462-F5B1B18A1172}.Ad-Hoc|x86.Build.0 = Debug|Any CPU
		{08FF9440-8777-4FC5-B462-F5B1B18A1172}.AppStore|Any CPU.ActiveCfg = Debug|Any CPU
		{08FF9440-8777-4FC5-B462-F5B1B18A1172}.AppStore|Any CPU.Build.0 = Debug|Any CPU
		{08FF9440-8777-4FC5-B462-F5B1B18A1172}.AppStore|ARM.ActiveCfg = Debug|Any CPU
		{08FF9440-8777-4FC5-B462-F5B1B18A1172}.AppStore|ARM.Build.0 = Debug|Any CPU
		{08FF9440-8777-4FC5-B462-F5B1B18A1172}.AppStore|ARM64.ActiveCfg = Debug|Any CPU
		{08FF9440-8777-4FC5-B462-F5B1B18A1172}.AppStore|ARM64.Build.0 = Debug|Any CPU
		{08FF9440-8777-4FC5-B462-F5B1B18A1172}.AppStore|iPhone.ActiveCfg = Debug|Any CPU
		{08FF9440-8777-4FC5-B462-F5B1B18A1172}.AppStore|iPhone.Build.0 = Debug|Any CPU
		{08FF9440-8777-4FC5-B462-F5B1B18A1172}.AppStore|iPhoneSimulator.ActiveCfg = Debug|Any CPU
		{08FF9440-8777-4FC5-B462-F5B1B18A1172}.AppStore|iPhoneSimulator.Build.0 = Debug|Any CPU
		{08FF9440-8777-4FC5-B462-F5B1B18A1172}.AppStore|x64.ActiveCfg = Debug|Any CPU
		{08FF9440-8777-4FC5-B462-F5B1B18A1172}.AppStore|x64.Build.0 = Debug|Any CPU
		{08FF9440-8777-4FC5-B462-F5B1B18A1172}.AppStore|x86.ActiveCfg = Debug|Any CPU
		{08FF9440-8777-4FC5-B462-F5B1B18A1172}.AppStore|x86.Build.0 = Debug|Any CPU
		{08FF9440-8777-4FC5-B462-F5B1B18A1172}.Debug|Any CPU.ActiveCfg = Debug|Any CPU
		{08FF9440-8777-4FC5-B462-F5B1B18A1172}.Debug|Any CPU.Build.0 = Debug|Any CPU
		{08FF9440-8777-4FC5-B462-F5B1B18A1172}.Debug|ARM.ActiveCfg = Debug|Any CPU
		{08FF9440-8777-4FC5-B462-F5B1B18A1172}.Debug|ARM.Build.0 = Debug|Any CPU
		{08FF9440-8777-4FC5-B462-F5B1B18A1172}.Debug|ARM64.ActiveCfg = Debug|Any CPU
		{08FF9440-8777-4FC5-B462-F5B1B18A1172}.Debug|ARM64.Build.0 = Debug|Any CPU
		{08FF9440-8777-4FC5-B462-F5B1B18A1172}.Debug|iPhone.ActiveCfg = Debug|Any CPU
		{08FF9440-8777-4FC5-B462-F5B1B18A1172}.Debug|iPhone.Build.0 = Debug|Any CPU
		{08FF9440-8777-4FC5-B462-F5B1B18A1172}.Debug|iPhoneSimulator.ActiveCfg = Debug|Any CPU
		{08FF9440-8777-4FC5-B462-F5B1B18A1172}.Debug|iPhoneSimulator.Build.0 = Debug|Any CPU
		{08FF9440-8777-4FC5-B462-F5B1B18A1172}.Debug|x64.ActiveCfg = Debug|Any CPU
		{08FF9440-8777-4FC5-B462-F5B1B18A1172}.Debug|x64.Build.0 = Debug|Any CPU
		{08FF9440-8777-4FC5-B462-F5B1B18A1172}.Debug|x86.ActiveCfg = Debug|Any CPU
		{08FF9440-8777-4FC5-B462-F5B1B18A1172}.Debug|x86.Build.0 = Debug|Any CPU
		{08FF9440-8777-4FC5-B462-F5B1B18A1172}.Release|Any CPU.ActiveCfg = Release|Any CPU
		{08FF9440-8777-4FC5-B462-F5B1B18A1172}.Release|Any CPU.Build.0 = Release|Any CPU
		{08FF9440-8777-4FC5-B462-F5B1B18A1172}.Release|ARM.ActiveCfg = Release|Any CPU
		{08FF9440-8777-4FC5-B462-F5B1B18A1172}.Release|ARM.Build.0 = Release|Any CPU
		{08FF9440-8777-4FC5-B462-F5B1B18A1172}.Release|ARM64.ActiveCfg = Release|Any CPU
		{08FF9440-8777-4FC5-B462-F5B1B18A1172}.Release|ARM64.Build.0 = Release|Any CPU
		{08FF9440-8777-4FC5-B462-F5B1B18A1172}.Release|iPhone.ActiveCfg = Release|Any CPU
		{08FF9440-8777-4FC5-B462-F5B1B18A1172}.Release|iPhone.Build.0 = Release|Any CPU
		{08FF9440-8777-4FC5-B462-F5B1B18A1172}.Release|iPhoneSimulator.ActiveCfg = Release|Any CPU
		{08FF9440-8777-4FC5-B462-F5B1B18A1172}.Release|iPhoneSimulator.Build.0 = Release|Any CPU
		{08FF9440-8777-4FC5-B462-F5B1B18A1172}.Release|x64.ActiveCfg = Release|Any CPU
		{08FF9440-8777-4FC5-B462-F5B1B18A1172}.Release|x64.Build.0 = Release|Any CPU
		{08FF9440-8777-4FC5-B462-F5B1B18A1172}.Release|x86.ActiveCfg = Release|Any CPU
		{08FF9440-8777-4FC5-B462-F5B1B18A1172}.Release|x86.Build.0 = Release|Any CPU
		{350AC239-2072-4BA3-8BF6-A81E58F4ABE5}.Ad-Hoc|Any CPU.ActiveCfg = Debug|Any CPU
		{350AC239-2072-4BA3-8BF6-A81E58F4ABE5}.Ad-Hoc|Any CPU.Build.0 = Debug|Any CPU
		{350AC239-2072-4BA3-8BF6-A81E58F4ABE5}.Ad-Hoc|ARM.ActiveCfg = Debug|Any CPU
		{350AC239-2072-4BA3-8BF6-A81E58F4ABE5}.Ad-Hoc|ARM.Build.0 = Debug|Any CPU
		{350AC239-2072-4BA3-8BF6-A81E58F4ABE5}.Ad-Hoc|ARM64.ActiveCfg = Debug|Any CPU
		{350AC239-2072-4BA3-8BF6-A81E58F4ABE5}.Ad-Hoc|ARM64.Build.0 = Debug|Any CPU
		{350AC239-2072-4BA3-8BF6-A81E58F4ABE5}.Ad-Hoc|iPhone.ActiveCfg = Debug|Any CPU
		{350AC239-2072-4BA3-8BF6-A81E58F4ABE5}.Ad-Hoc|iPhone.Build.0 = Debug|Any CPU
		{350AC239-2072-4BA3-8BF6-A81E58F4ABE5}.Ad-Hoc|iPhoneSimulator.ActiveCfg = Debug|Any CPU
		{350AC239-2072-4BA3-8BF6-A81E58F4ABE5}.Ad-Hoc|iPhoneSimulator.Build.0 = Debug|Any CPU
		{350AC239-2072-4BA3-8BF6-A81E58F4ABE5}.Ad-Hoc|x64.ActiveCfg = Debug|Any CPU
		{350AC239-2072-4BA3-8BF6-A81E58F4ABE5}.Ad-Hoc|x64.Build.0 = Debug|Any CPU
		{350AC239-2072-4BA3-8BF6-A81E58F4ABE5}.Ad-Hoc|x86.ActiveCfg = Debug|Any CPU
		{350AC239-2072-4BA3-8BF6-A81E58F4ABE5}.Ad-Hoc|x86.Build.0 = Debug|Any CPU
		{350AC239-2072-4BA3-8BF6-A81E58F4ABE5}.AppStore|Any CPU.ActiveCfg = Debug|Any CPU
		{350AC239-2072-4BA3-8BF6-A81E58F4ABE5}.AppStore|Any CPU.Build.0 = Debug|Any CPU
		{350AC239-2072-4BA3-8BF6-A81E58F4ABE5}.AppStore|ARM.ActiveCfg = Debug|Any CPU
		{350AC239-2072-4BA3-8BF6-A81E58F4ABE5}.AppStore|ARM.Build.0 = Debug|Any CPU
		{350AC239-2072-4BA3-8BF6-A81E58F4ABE5}.AppStore|ARM64.ActiveCfg = Debug|Any CPU
		{350AC239-2072-4BA3-8BF6-A81E58F4ABE5}.AppStore|ARM64.Build.0 = Debug|Any CPU
		{350AC239-2072-4BA3-8BF6-A81E58F4ABE5}.AppStore|iPhone.ActiveCfg = Debug|Any CPU
		{350AC239-2072-4BA3-8BF6-A81E58F4ABE5}.AppStore|iPhone.Build.0 = Debug|Any CPU
		{350AC239-2072-4BA3-8BF6-A81E58F4ABE5}.AppStore|iPhoneSimulator.ActiveCfg = Debug|Any CPU
		{350AC239-2072-4BA3-8BF6-A81E58F4ABE5}.AppStore|iPhoneSimulator.Build.0 = Debug|Any CPU
		{350AC239-2072-4BA3-8BF6-A81E58F4ABE5}.AppStore|x64.ActiveCfg = Debug|Any CPU
		{350AC239-2072-4BA3-8BF6-A81E58F4ABE5}.AppStore|x64.Build.0 = Debug|Any CPU
		{350AC239-2072-4BA3-8BF6-A81E58F4ABE5}.AppStore|x86.ActiveCfg = Debug|Any CPU
		{350AC239-2072-4BA3-8BF6-A81E58F4ABE5}.AppStore|x86.Build.0 = Debug|Any CPU
		{350AC239-2072-4BA3-8BF6-A81E58F4ABE5}.Debug|Any CPU.ActiveCfg = Debug|Any CPU
		{350AC239-2072-4BA3-8BF6-A81E58F4ABE5}.Debug|Any CPU.Build.0 = Debug|Any CPU
		{350AC239-2072-4BA3-8BF6-A81E58F4ABE5}.Debug|ARM.ActiveCfg = Debug|Any CPU
		{350AC239-2072-4BA3-8BF6-A81E58F4ABE5}.Debug|ARM.Build.0 = Debug|Any CPU
		{350AC239-2072-4BA3-8BF6-A81E58F4ABE5}.Debug|ARM64.ActiveCfg = Debug|Any CPU
		{350AC239-2072-4BA3-8BF6-A81E58F4ABE5}.Debug|ARM64.Build.0 = Debug|Any CPU
		{350AC239-2072-4BA3-8BF6-A81E58F4ABE5}.Debug|iPhone.ActiveCfg = Debug|Any CPU
		{350AC239-2072-4BA3-8BF6-A81E58F4ABE5}.Debug|iPhone.Build.0 = Debug|Any CPU
		{350AC239-2072-4BA3-8BF6-A81E58F4ABE5}.Debug|iPhoneSimulator.ActiveCfg = Debug|Any CPU
		{350AC239-2072-4BA3-8BF6-A81E58F4ABE5}.Debug|iPhoneSimulator.Build.0 = Debug|Any CPU
		{350AC239-2072-4BA3-8BF6-A81E58F4ABE5}.Debug|x64.ActiveCfg = Debug|Any CPU
		{350AC239-2072-4BA3-8BF6-A81E58F4ABE5}.Debug|x64.Build.0 = Debug|Any CPU
		{350AC239-2072-4BA3-8BF6-A81E58F4ABE5}.Debug|x86.ActiveCfg = Debug|Any CPU
		{350AC239-2072-4BA3-8BF6-A81E58F4ABE5}.Debug|x86.Build.0 = Debug|Any CPU
		{350AC239-2072-4BA3-8BF6-A81E58F4ABE5}.Release|Any CPU.ActiveCfg = Release|Any CPU
		{350AC239-2072-4BA3-8BF6-A81E58F4ABE5}.Release|Any CPU.Build.0 = Release|Any CPU
		{350AC239-2072-4BA3-8BF6-A81E58F4ABE5}.Release|ARM.ActiveCfg = Release|Any CPU
		{350AC239-2072-4BA3-8BF6-A81E58F4ABE5}.Release|ARM.Build.0 = Release|Any CPU
		{350AC239-2072-4BA3-8BF6-A81E58F4ABE5}.Release|ARM64.ActiveCfg = Release|Any CPU
		{350AC239-2072-4BA3-8BF6-A81E58F4ABE5}.Release|ARM64.Build.0 = Release|Any CPU
		{350AC239-2072-4BA3-8BF6-A81E58F4ABE5}.Release|iPhone.ActiveCfg = Release|Any CPU
		{350AC239-2072-4BA3-8BF6-A81E58F4ABE5}.Release|iPhone.Build.0 = Release|Any CPU
		{350AC239-2072-4BA3-8BF6-A81E58F4ABE5}.Release|iPhoneSimulator.ActiveCfg = Release|Any CPU
		{350AC239-2072-4BA3-8BF6-A81E58F4ABE5}.Release|iPhoneSimulator.Build.0 = Release|Any CPU
		{350AC239-2072-4BA3-8BF6-A81E58F4ABE5}.Release|x64.ActiveCfg = Release|Any CPU
		{350AC239-2072-4BA3-8BF6-A81E58F4ABE5}.Release|x64.Build.0 = Release|Any CPU
		{350AC239-2072-4BA3-8BF6-A81E58F4ABE5}.Release|x86.ActiveCfg = Release|Any CPU
		{350AC239-2072-4BA3-8BF6-A81E58F4ABE5}.Release|x86.Build.0 = Release|Any CPU
	EndGlobalSection
	GlobalSection(SolutionProperties) = preSolution
		HideSolutionNode = FALSE
	EndGlobalSection
	GlobalSection(NestedProjects) = preSolution
		{19EDECDD-CF6D-438F-99F6-C5BBB8DA5ADA} = {4170E57D-5BD4-48BB-9A78-47CAE55FE01D}
		{6C88AFC9-467E-46A0-9B14-46101C9BCD60} = {4170E57D-5BD4-48BB-9A78-47CAE55FE01D}
		{3238BCB3-1E7D-47F4-8588-249BCD1734A6} = {4170E57D-5BD4-48BB-9A78-47CAE55FE01D}
		{0F5A6BFB-3815-4663-853A-D6B288B508EC} = {4170E57D-5BD4-48BB-9A78-47CAE55FE01D}
		{412A5129-7A47-47D1-A3EE-D2C59AD70AA4} = {4170E57D-5BD4-48BB-9A78-47CAE55FE01D}
		{62D135C6-9B20-4EC9-86AE-70BFF79E12C0} = {4170E57D-5BD4-48BB-9A78-47CAE55FE01D}
		{19C17675-C92C-4FF7-8898-A71FA6188CCF} = {4170E57D-5BD4-48BB-9A78-47CAE55FE01D}
		{08FF9440-8777-4FC5-B462-F5B1B18A1172} = {4170E57D-5BD4-48BB-9A78-47CAE55FE01D}
		{350AC239-2072-4BA3-8BF6-A81E58F4ABE5} = {4170E57D-5BD4-48BB-9A78-47CAE55FE01D}
	EndGlobalSection
	GlobalSection(ExtensibilityGlobals) = postSolution
		SolutionGuid = {97EFB41E-6BBD-46DA-9E59-AF7F8F6395E1}
	EndGlobalSection
EndGlobal
